// !$*UTF8*$!
{
	archiveVersion = 1;
	classes = {
	};
	objectVersion = 46;
	objects = {

/* Begin PBXBuildFile section */
		9125E8BA1C615ED600744D0A /* BusStops.swift in Sources */ = {isa = PBXBuildFile; fileRef = 9125E8B91C615ED600744D0A /* BusStops.swift */; };
		9125E8BC1C617E0100744D0A /* DetailsViewController.swift in Sources */ = {isa = PBXBuildFile; fileRef = 9125E8BB1C617E0100744D0A /* DetailsViewController.swift */; };
		9771ED121C61546F00FD1BC7 /* AppDelegate.swift in Sources */ = {isa = PBXBuildFile; fileRef = 9771ED111C61546F00FD1BC7 /* AppDelegate.swift */; };
		9771ED141C61546F00FD1BC7 /* ViewController.swift in Sources */ = {isa = PBXBuildFile; fileRef = 9771ED131C61546F00FD1BC7 /* ViewController.swift */; };
		9771ED171C61546F00FD1BC7 /* Main.storyboard in Resources */ = {isa = PBXBuildFile; fileRef = 9771ED151C61546F00FD1BC7 /* Main.storyboard */; };
		9771ED191C61546F00FD1BC7 /* Assets.xcassets in Resources */ = {isa = PBXBuildFile; fileRef = 9771ED181C61546F00FD1BC7 /* Assets.xcassets */; };
		9771ED1C1C61546F00FD1BC7 /* LaunchScreen.storyboard in Resources */ = {isa = PBXBuildFile; fileRef = 9771ED1A1C61546F00FD1BC7 /* LaunchScreen.storyboard */; };
		9771ED241C6154BC00FD1BC7 /* MapKit.framework in Frameworks */ = {isa = PBXBuildFile; fileRef = 9771ED231C6154BC00FD1BC7 /* MapKit.framework */; };
		9771ED281C61553400FD1BC7 /* bus.json in Resources */ = {isa = PBXBuildFile; fileRef = 9771ED271C61553400FD1BC7 /* bus.json */; };
/* End PBXBuildFile section */

/* Begin PBXFileReference section */
		9125E8B91C615ED600744D0A /* BusStops.swift */ = {isa = PBXFileReference; fileEncoding = 4; lastKnownFileType = sourcecode.swift; path = BusStops.swift; sourceTree = "<group>"; };
		9125E8BB1C617E0100744D0A /* DetailsViewController.swift */ = {isa = PBXFileReference; fileEncoding = 4; lastKnownFileType = sourcecode.swift; path = DetailsViewController.swift; sourceTree = "<group>"; };
		9771ED0E1C61546F00FD1BC7 /* GetOnThatBus.app */ = {isa = PBXFileReference; explicitFileType = wrapper.application; includeInIndex = 0; path = GetOnThatBus.app; sourceTree = BUILT_PRODUCTS_DIR; };
		9771ED111C61546F00FD1BC7 /* AppDelegate.swift */ = {isa = PBXFileReference; lastKnownFileType = sourcecode.swift; path = AppDelegate.swift; sourceTree = "<group>"; };
		9771ED131C61546F00FD1BC7 /* ViewController.swift */ = {isa = PBXFileReference; lastKnownFileType = sourcecode.swift; path = ViewController.swift; sourceTree = "<group>"; };
		9771ED161C61546F00FD1BC7 /* Base */ = {isa = PBXFileReference; lastKnownFileType = file.storyboard; name = Base; path = Base.lproj/Main.storyboard; sourceTree = "<group>"; };
		9771ED181C61546F00FD1BC7 /* Assets.xcassets */ = {isa = PBXFileReference; lastKnownFileType = folder.assetcatalog; path = Assets.xcassets; sourceTree = "<group>"; };
		9771ED1B1C61546F00FD1BC7 /* Base */ = {isa = PBXFileReference; lastKnownFileType = file.storyboard; name = Base; path = Base.lproj/LaunchScreen.storyboard; sourceTree = "<group>"; };
		9771ED1D1C61546F00FD1BC7 /* Info.plist */ = {isa = PBXFileReference; lastKnownFileType = text.plist.xml; path = Info.plist; sourceTree = "<group>"; };
		9771ED231C6154BC00FD1BC7 /* MapKit.framework */ = {isa = PBXFileReference; lastKnownFileType = wrapper.framework; name = MapKit.framework; path = System/Library/Frameworks/MapKit.framework; sourceTree = SDKROOT; };
		9771ED271C61553400FD1BC7 /* bus.json */ = {isa = PBXFileReference; fileEncoding = 4; lastKnownFileType = text.json; path = bus.json; sourceTree = "<group>"; };
/* End PBXFileReference section */

/* Begin PBXFrameworksBuildPhase section */
		9771ED0B1C61546F00FD1BC7 /* Frameworks */ = {
			isa = PBXFrameworksBuildPhase;
			buildActionMask = 2147483647;
			files = (
				9771ED241C6154BC00FD1BC7 /* MapKit.framework in Frameworks */,
			);
			runOnlyForDeploymentPostprocessing = 0;
		};
/* End PBXFrameworksBuildPhase section */

/* Begin PBXGroup section */
		9771ED051C61546F00FD1BC7 = {
			isa = PBXGroup;
			children = (
				9771ED231C6154BC00FD1BC7 /* MapKit.framework */,
				9771ED101C61546F00FD1BC7 /* GetOnThatBus */,
				9771ED0F1C61546F00FD1BC7 /* Products */,
			);
			sourceTree = "<group>";
		};
		9771ED0F1C61546F00FD1BC7 /* Products */ = {
			isa = PBXGroup;
			children = (
				9771ED0E1C61546F00FD1BC7 /* GetOnThatBus.app */,
			);
			name = Products;
			sourceTree = "<group>";
		};
		9771ED101C61546F00FD1BC7 /* GetOnThatBus */ = {
			isa = PBXGroup;
			children = (
				9771ED2A1C61566500FD1BC7 /* Other */,
				9771ED291C61565800FD1BC7 /* Controller */,
				9771ED2B1C61566B00FD1BC7 /* View */,
				9771ED2C1C61568E00FD1BC7 /* Model */,
			);
			path = GetOnThatBus;
			sourceTree = "<group>";
		};
		9771ED291C61565800FD1BC7 /* Controller */ = {
			isa = PBXGroup;
			children = (
				9771ED131C61546F00FD1BC7 /* ViewController.swift */,
				9125E8BB1C617E0100744D0A /* DetailsViewController.swift */,
			);
			name = Controller;
			sourceTree = "<group>";
		};
		9771ED2A1C61566500FD1BC7 /* Other */ = {
			isa = PBXGroup;
			children = (
				9771ED111C61546F00FD1BC7 /* AppDelegate.swift */,
			);
			name = Other;
			sourceTree = "<group>";
		};
		9771ED2B1C61566B00FD1BC7 /* View */ = {
			isa = PBXGroup;
			children = (
				9771ED181C61546F00FD1BC7 /* Assets.xcassets */,
				9771ED1A1C61546F00FD1BC7 /* LaunchScreen.storyboard */,
				9771ED151C61546F00FD1BC7 /* Main.storyboard */,
			);
			name = View;
			sourceTree = "<group>";
		};
		9771ED2C1C61568E00FD1BC7 /* Model */ = {
			isa = PBXGroup;
			children = (
				9771ED1D1C61546F00FD1BC7 /* Info.plist */,
				9771ED271C61553400FD1BC7 /* bus.json */,
				9125E8B91C615ED600744D0A /* BusStops.swift */,
			);
			name = Model;
			sourceTree = "<group>";
		};
/* End PBXGroup section */

/* Begin PBXNativeTarget section */
		9771ED0D1C61546F00FD1BC7 /* GetOnThatBus */ = {
			isa = PBXNativeTarget;
			buildConfigurationList = 9771ED201C61546F00FD1BC7 /* Build configuration list for PBXNativeTarget "GetOnThatBus" */;
			buildPhases = (
				9771ED0A1C61546F00FD1BC7 /* Sources */,
				9771ED0B1C61546F00FD1BC7 /* Frameworks */,
				9771ED0C1C61546F00FD1BC7 /* Resources */,
			);
			buildRules = (
			);
			dependencies = (
			);
			name = GetOnThatBus;
			productName = GetOnThatBus;
			productReference = 9771ED0E1C61546F00FD1BC7 /* GetOnThatBus.app */;
			productType = "com.apple.product-type.application";
		};
/* End PBXNativeTarget section */

/* Begin PBXProject section */
		9771ED061C61546F00FD1BC7 /* Project object */ = {
			isa = PBXProject;
			attributes = {
				LastSwiftUpdateCheck = 0720;
				LastUpgradeCheck = 0720;
				ORGANIZATIONNAME = "Andrew Chen";
				TargetAttributes = {
					9771ED0D1C61546F00FD1BC7 = {
						CreatedOnToolsVersion = 7.2;
						DevelopmentTeam = UUKJ3Z33B8;
					};
				};
			};
			buildConfigurationList = 9771ED091C61546F00FD1BC7 /* Build configuration list for PBXProject "GetOnThatBus" */;
			compatibilityVersion = "Xcode 3.2";
			developmentRegion = English;
			hasScannedForEncodings = 0;
			knownRegions = (
				en,
				Base,
			);
			mainGroup = 9771ED051C61546F00FD1BC7;
			productRefGroup = 9771ED0F1C61546F00FD1BC7 /* Products */;
			projectDirPath = "";
			projectRoot = "";
			targets = (
				9771ED0D1C61546F00FD1BC7 /* GetOnThatBus */,
			);
		};
/* End PBXProject section */

/* Begin PBXResourcesBuildPhase section */
		9771ED0C1C61546F00FD1BC7 /* Resources */ = {
			isa = PBXResourcesBuildPhase;
			buildActionMask = 2147483647;
			files = (
				9771ED1C1C61546F00FD1BC7 /* LaunchScreen.storyboard in Resources */,
				9771ED191C61546F00FD1BC7 /* Assets.xcassets in Resources */,
				9771ED281C61553400FD1BC7 /* bus.json in Resources */,
				9771ED171C61546F00FD1BC7 /* Main.storyboard in Resources */,
			);
			runOnlyForDeploymentPostprocessing = 0;
		};
/* End PBXResourcesBuildPhase section */

/* Begin PBXSourcesBuildPhase section */
		9771ED0A1C61546F00FD1BC7 /* Sources */ = {
			isa = PBXSourcesBuildPhase;
			buildActionMask = 2147483647;
			files = (
				9125E8BA1C615ED600744D0A /* BusStops.swift in Sources */,
				9771ED141C61546F00FD1BC7 /* ViewController.swift in Sources */,
				9771ED121C61546F00FD1BC7 /* AppDelegate.swift in Sources */,
				9125E8BC1C617E0100744D0A /* DetailsViewController.swift in Sources */,
			);
			runOnlyForDeploymentPostprocessing = 0;
		};
/* End PBXSourcesBuildPhase section */

/* Begin PBXVariantGroup section */
		9771ED151C61546F00FD1BC7 /* Main.storyboard */ = {
			isa = PBXVariantGroup;
			children = (
				9771ED161C61546F00FD1BC7 /* Base */,
			);
			name = Main.storyboard;
			sourceTree = "<group>";
		};
		9771ED1A1C61546F00FD1BC7 /* LaunchScreen.storyboard */ = {
			isa = PBXVariantGroup;
			children = (
				9771ED1B1C61546F00FD1BC7 /* Base */,
			);
			name = LaunchScreen.storyboard;
			sourceTree = "<group>";
		};
/* End PBXVariantGroup section */

/* Begin XCBuildConfiguration section */
		9771ED1E1C61546F00FD1BC7 /* Debug */ = {
			isa = XCBuildConfiguration;
			buildSettings = {
				ALWAYS_SEARCH_USER_PATHS = NO;
				CLANG_CXX_LANGUAGE_STANDARD = "gnu++0x";
				CLANG_CXX_LIBRARY = "libc++";
				CLANG_ENABLE_MODULES = YES;
				CLANG_ENABLE_OBJC_ARC = YES;
				CLANG_WARN_BOOL_CONVERSION = YES;
				CLANG_WARN_CONSTANT_CONVERSION = YES;
				CLANG_WARN_DIRECT_OBJC_ISA_USAGE = YES_ERROR;
				CLANG_WARN_EMPTY_BODY = YES;
				CLANG_WARN_ENUM_CONVERSION = YES;
				CLANG_WARN_INT_CONVERSION = YES;
				CLANG_WARN_OBJC_ROOT_CLASS = YES_ERROR;
				CLANG_WARN_UNREACHABLE_CODE = YES;
				CLANG_WARN__DUPLICATE_METHOD_MATCH = YES;
				"CODE_SIGN_IDENTITY[sdk=iphoneos*]" = "iPhone Developer";
				COPY_PHASE_STRIP = NO;
				DEBUG_INFORMATION_FORMAT = dwarf;
				ENABLE_STRICT_OBJC_MSGSEND = YES;
				ENABLE_TESTABILITY = YES;
				GCC_C_LANGUAGE_STANDARD = gnu99;
				GCC_DYNAMIC_NO_PIC = NO;
				GCC_NO_COMMON_BLOCKS = YES;
				GCC_OPTIMIZATION_LEVEL = 0;
				GCC_PREPROCESSOR_DEFINITIONS = (
					"DEBUG=1",
					"$(inherited)",
				);
				GCC_WARN_64_TO_32_BIT_CONVERSION = YES;
				GCC_WARN_ABOUT_RETURN_TYPE = YES_ERROR;
				GCC_WARN_UNDECLARED_SELECTOR = YES;
				GCC_WARN_UNINITIALIZED_AUTOS = YES_AGGRESSIVE;
				GCC_WARN_UNUSED_FUNCTION = YES;
				GCC_WARN_UNUSED_VARIABLE = YES;
				IPHONEOS_DEPLOYMENT_TARGET = 9.2;
				MTL_ENABLE_DEBUG_INFO = YES;
				ONLY_ACTIVE_ARCH = YES;
				SDKROOT = iphoneos;
				SWIFT_OPTIMIZATION_LEVEL = "-Onone";
			};
			name = Debug;
		};
		9771ED1F1C61546F00FD1BC7 /* Release */ = {
			isa = XCBuildConfiguration;
			buildSettings = {
				ALWAYS_SEARCH_USER_PATHS = NO;
				CLANG_CXX_LANGUAGE_STANDARD = "gnu++0x";
				CLANG_CXX_LIBRARY = "libc++";
				CLANG_ENABLE_MODULES = YES;
				CLANG_ENABLE_OBJC_ARC = YES;
				CLANG_WARN_BOOL_CONVERSION = YES;
				CLANG_WARN_CONSTANT_CONVERSION = YES;
				CLANG_WARN_DIRECT_OBJC_ISA_USAGE = YES_ERROR;
				CLANG_WARN_EMPTY_BODY = YES;
				CLANG_WARN_ENUM_CONVERSION = YES;
				CLANG_WARN_INT_CONVERSION = YES;
				CLANG_WARN_OBJC_ROOT_CLASS = YES_ERROR;
				CLANG_WARN_UNREACHABLE_CODE = YES;
				CLANG_WARN__DUPLICATE_METHOD_MATCH = YES;
				"CODE_SIGN_IDENTITY[sdk=iphoneos*]" = "iPhone Developer";
				COPY_PHASE_STRIP = NO;
				DEBUG_INFORMATION_FORMAT = "dwarf-with-dsym";
				ENABLE_NS_ASSERTIONS = NO;
				ENABLE_STRICT_OBJC_MSGSEND = YES;
				GCC_C_LANGUAGE_STANDARD = gnu99;
				GCC_NO_COMMON_BLOCKS = YES;
				GCC_WARN_64_TO_32_BIT_CONVERSION = YES;
				GCC_WARN_ABOUT_RETURN_TYPE = YES_ERROR;
				GCC_WARN_UNDECLARED_SELECTOR = YES;
				GCC_WARN_UNINITIALIZED_AUTOS = YES_AGGRESSIVE;
				GCC_WARN_UNUSED_FUNCTION = YES;
				GCC_WARN_UNUSED_VARIABLE = YES;
				IPHONEOS_DEPLOYMENT_TARGET = 9.2;
				MTL_ENABLE_DEBUG_INFO = NO;
				SDKROOT = iphoneos;
				VALIDATE_PRODUCT = YES;
			};
			name = Release;
		};
		9771ED211C61546F00FD1BC7 /* Debug */ = {
			isa = XCBuildConfiguration;
			buildSettings = {
				ASSETCATALOG_COMPILER_APPICON_NAME = AppIcon;
				INFOPLIST_FILE = GetOnThatBus/Info.plist;
				LD_RUNPATH_SEARCH_PATHS = "$(inherited) @executable_path/Frameworks";
				PRODUCT_BUNDLE_IDENTIFIER = andrewchen.GetOnThatBus;
				PRODUCT_NAME = "$(TARGET_NAME)";
			};
			name = Debug;
		};
		9771ED221C61546F00FD1BC7 /* Release */ = {
			isa = XCBuildConfiguration;
			buildSettings = {
				ASSETCATALOG_COMPILER_APPICON_NAME = AppIcon;
				INFOPLIST_FILE = GetOnThatBus/Info.plist;
				LD_RUNPATH_SEARCH_PATHS = "$(inherited) @executable_path/Frameworks";
				PRODUCT_BUNDLE_IDENTIFIER = andrewchen.GetOnThatBus;
				PRODUCT_NAME = "$(TARGET_NAME)";
			};
			name = Release;
		};
/* End XCBuildConfiguration section */

/* Begin XCConfigurationList section */
		9771ED091C61546F00FD1BC7 /* Build configuration list for PBXProject "GetOnThatBus" */ = {
			isa = XCConfigurationList;
			buildConfigurations = (
				9771ED1E1C61546F00FD1BC7 /* Debug */,
				9771ED1F1C61546F00FD1BC7 /* Release */,
			);
			defaultConfigurationIsVisible = 0;
			defaultConfigurationName = Release;
		};
		9771ED201C61546F00FD1BC7 /* Build configuration list for PBXNativeTarget "GetOnThatBus" */ = {
			isa = XCConfigurationList;
			buildConfigurations = (
				9771ED211C61546F00FD1BC7 /* Debug */,
				9771ED221C61546F00FD1BC7 /* Release */,
			);
			defaultConfigurationIsVisible = 0;
			defaultConfigurationName = Release;
		};
/* End XCConfigurationList section */
	};
	rootObject = 9771ED061C61546F00FD1BC7 /* Project object */;
}
